
Microsoft Visual Studio Solution File, Format Version 12.00
# Visual Studio 15
VisualStudioVersion = 15.0.28307.1062
MinimumVisualStudioVersion = 10.0.40219.1
Project("{FAE04EC0-301F-11D3-BF4B-00C04F79EFBC}") = "ytdownloaderbywincenty", "ytdownloaderbywincenty\ytdownloaderbywincenty.csproj", "{3D89954A-11E3-4E1E-8496-4D3476B80A95}"
EndProject
Global
	GlobalSection(SolutionConfigurationPlatforms) = preSolution
		Debug|Any CPU = Debug|Any CPU
		Release|Any CPU = Release|Any CPU
	EndGlobalSection
	GlobalSection(ProjectConfigurationPlatforms) = postSolution
		{3D89954A-11E3-4E1E-8496-4D3476B80A95}.Debug|Any CPU.ActiveCfg = Debug|Any CPU
		{3D89954A-11E3-4E1E-8496-4D3476B80A95}.Debug|Any CPU.Build.0 = Debug|Any CPU
		{3D89954A-11E3-4E1E-8496-4D3476B80A95}.Release|Any CPU.ActiveCfg = Release|Any CPU
		{3D89954A-11E3-4E1E-8496-4D3476B80A95}.Release|Any CPU.Build.0 = Release|Any CPU
	EndGlobalSection
	GlobalSection(SolutionProperties) = preSolution
		HideSolutionNode = FALSE
	EndGlobalSection
	GlobalSection(ExtensibilityGlobals) = postSolution
		SolutionGuid = {53534052-8E45-4B76-84B4-A0F6AA214778}
	EndGlobalSection
EndGlobal
